{
    "hash": "2697c5212e3faef6ef683b844ff8713a",
    "packages": [
        {
            "package": "nette/nette",
            "version": "v2.0.4"
        },
        {
            "package": "stekycz/nette-date-paginator",
            "version": "dev-master",
            "source-reference": "1.1.0-alpha",
            "commit-date": "1345244886"
        }
    ],
    "packages-dev": null,
    "aliases": [

    ],
    "minimum-stability": "stable",
    "stability-flags": {
        "stekycz/nette-date-paginator": 20
    }
}
