{
    "hash": "593e5819f67c7d2f5113b44c5ef5916f",
    "packages": [
        {
            "package": "nette/nette",
            "version": "v2.0.4"
        },
        {
            "package": "stekycz/nette-date-paginator",
            "version": "dev-master",
            "source-reference": "1.1.0-alpha",
            "commit-date": "1345285621"
        }
    ],
    "packages-dev": null,
    "aliases": [

    ],
    "minimum-stability": "stable",
    "stability-flags": {
        "stekycz/nette-date-paginator": 20
    }
}
